// !$*UTF8*$!
{
	archiveVersion = 1;
	classes = {
	};
	objectVersion = 55;
	objects = {

/* Begin PBXBuildFile section */
		4C316F0C29253FE8004AE0ED /* ReposView.swift in Sources */ = {isa = PBXBuildFile; fileRef = 4C316F0B29253FE8004AE0ED /* ReposView.swift */; };
		4C316F0E29268315004AE0ED /* BackToFirstViewControllerDelegate.swift in Sources */ = {isa = PBXBuildFile; fileRef = 4C316F0D29268315004AE0ED /* BackToFirstViewControllerDelegate.swift */; };
		4C316F1029268496004AE0ED /* MainPageViewControlerDelegate.swift in Sources */ = {isa = PBXBuildFile; fileRef = 4C316F0F29268496004AE0ED /* MainPageViewControlerDelegate.swift */; };
		4C42919D29151E3900108BF7 /* RxCocoa in Frameworks */ = {isa = PBXBuildFile; productRef = 4C42919C29151E3900108BF7 /* RxCocoa */; };
		4C42919F29151E3900108BF7 /* RxRelay in Frameworks */ = {isa = PBXBuildFile; productRef = 4C42919E29151E3900108BF7 /* RxRelay */; };
		4C4291A129151E3900108BF7 /* RxSwift in Frameworks */ = {isa = PBXBuildFile; productRef = 4C4291A029151E3900108BF7 /* RxSwift */; };
		4C4291A4291520BB00108BF7 /* MainView.swift in Sources */ = {isa = PBXBuildFile; fileRef = 4C4291A3291520BB00108BF7 /* MainView.swift */; };
		4C4291A729155F1F00108BF7 /* BaseGenericViewController.swift in Sources */ = {isa = PBXBuildFile; fileRef = 4C4291A629155F1F00108BF7 /* BaseGenericViewController.swift */; };
		4C4291A929155F3400108BF7 /* BaseGenericView.swift in Sources */ = {isa = PBXBuildFile; fileRef = 4C4291A829155F3400108BF7 /* BaseGenericView.swift */; };
		4C4291AB2915744100108BF7 /* EmojiView.swift in Sources */ = {isa = PBXBuildFile; fileRef = 4C4291AA2915744100108BF7 /* EmojiView.swift */; };
		4C5366ED28E5A4B400EE97A3 /* LiveEmojiStorage.swift in Sources */ = {isa = PBXBuildFile; fileRef = 4C5366EC28E5A4B400EE97A3 /* LiveEmojiStorage.swift */; };
		4C5366EF28E5A51D00EE97A3 /* Emoji.swift in Sources */ = {isa = PBXBuildFile; fileRef = 4C5366EE28E5A51D00EE97A3 /* Emoji.swift */; };
		4C5A825A29190E290049FAA0 /* AvatarView.swift in Sources */ = {isa = PBXBuildFile; fileRef = 4C5A825929190E290049FAA0 /* AvatarView.swift */; };
		4CABE5CA28E703EE00EC7DDA /* Application.swift in Sources */ = {isa = PBXBuildFile; fileRef = 4CABE5C928E703EE00EC7DDA /* Application.swift */; };
		4CABE5CC28E725AC00EC7DDA /* Network.swift in Sources */ = {isa = PBXBuildFile; fileRef = 4CABE5CB28E725AC00EC7DDA /* Network.swift */; };
		4CC7565828FE9759009FDF88 /* ReposService.swift in Sources */ = {isa = PBXBuildFile; fileRef = 4CC7565728FE9758009FDF88 /* ReposService.swift */; };
		4CC7565A29002C1F009FDF88 /* MockRepos.swift in Sources */ = {isa = PBXBuildFile; fileRef = 4CC7565929002C1F009FDF88 /* MockRepos.swift */; };
		4CC7565C29002E39009FDF88 /* MockReposService.swift in Sources */ = {isa = PBXBuildFile; fileRef = 4CC7565B29002E39009FDF88 /* MockReposService.swift */; };
		4CC7565E290038D7009FDF88 /* APIProtocol.swift in Sources */ = {isa = PBXBuildFile; fileRef = 4CC7565D290038D7009FDF88 /* APIProtocol.swift */; };
		4CCED29628E1ADC600BC8729 /* EmojiListViewController.swift in Sources */ = {isa = PBXBuildFile; fileRef = 4CCED29528E1ADC600BC8729 /* EmojiListViewController.swift */; };
		4CCED29828E1B09600BC8729 /* Coordinator.swift in Sources */ = {isa = PBXBuildFile; fileRef = 4CCED29728E1B09600BC8729 /* Coordinator.swift */; };
		4CCED29A28E1B1FD00BC8729 /* MainPageCoordinator.swift in Sources */ = {isa = PBXBuildFile; fileRef = 4CCED29928E1B1FD00BC8729 /* MainPageCoordinator.swift */; };
		4CCED29C28E1BBBD00BC8729 /* AvatarViewController.swift in Sources */ = {isa = PBXBuildFile; fileRef = 4CCED29B28E1BBBD00BC8729 /* AvatarViewController.swift */; };
		4CCED29E28E1BC0900BC8729 /* RepoListViewController.swift in Sources */ = {isa = PBXBuildFile; fileRef = 4CCED29D28E1BC0900BC8729 /* RepoListViewController.swift */; };
		4CD1EE1228E31B3A0095B927 /* Alamofire in Frameworks */ = {isa = PBXBuildFile; productRef = 4CD1EE1128E31B3A0095B927 /* Alamofire */; };
		4CD2290928E482A600F11863 /* CollectionViewCell.swift in Sources */ = {isa = PBXBuildFile; fileRef = 4CD2290828E482A600F11863 /* CollectionViewCell.swift */; };
		4CD6203428F016B300225483 /* EmojiListCoordinator.swift in Sources */ = {isa = PBXBuildFile; fileRef = 4CD6203328F016B300225483 /* EmojiListCoordinator.swift */; };
		4CD6203628F016CD00225483 /* RepoListCoordinator.swift in Sources */ = {isa = PBXBuildFile; fileRef = 4CD6203528F016CD00225483 /* RepoListCoordinator.swift */; };
		4CD6203828F016F300225483 /* AvatarListCoordinator.swift in Sources */ = {isa = PBXBuildFile; fileRef = 4CD6203728F016F300225483 /* AvatarListCoordinator.swift */; };
		4CD6203A28F0246800225483 /* ApplicationCoordinator.swift in Sources */ = {isa = PBXBuildFile; fileRef = 4CD6203928F0246800225483 /* ApplicationCoordinator.swift */; };
		4CD8348F28F42C5200A61AE2 /* ColorSet.swift in Sources */ = {isa = PBXBuildFile; fileRef = 4CD8348E28F42C5200A61AE2 /* ColorSet.swift */; };
		4CD834B728F45F1E00A61AE2 /* Assets.xcassets in Resources */ = {isa = PBXBuildFile; fileRef = 4CD6203F28F0834F00225483 /* Assets.xcassets */; };
		4CD834DD28F4726800A61AE2 /* GeneralEntity.xcdatamodeld in Sources */ = {isa = PBXBuildFile; fileRef = 4CD834DB28F4726800A61AE2 /* GeneralEntity.xcdatamodeld */; };
		4CD834E128F576D800A61AE2 /* EmojiCoreData.swift in Sources */ = {isa = PBXBuildFile; fileRef = 4CD834E028F576D800A61AE2 /* EmojiCoreData.swift */; };
		4CD834E728F6F88600A61AE2 /* ImageSpinner.swift in Sources */ = {isa = PBXBuildFile; fileRef = 4CD834E628F6F88600A61AE2 /* ImageSpinner.swift */; };
		4CD834EF28F7132800A61AE2 /* AvatarCoreData.swift in Sources */ = {isa = PBXBuildFile; fileRef = 4CD834EE28F7132800A61AE2 /* AvatarCoreData.swift */; };
		4CD834F328F99D6B00A61AE2 /* NSMOBJ+ToAvatar.swift in Sources */ = {isa = PBXBuildFile; fileRef = 4CD834F228F99D6B00A61AE2 /* NSMOBJ+ToAvatar.swift */; };
		4CD834F728FD9F7B00A61AE2 /* Repos.swift in Sources */ = {isa = PBXBuildFile; fileRef = 4CD834F628FD9F7B00A61AE2 /* Repos.swift */; };
		4CD834F928FDA33900A61AE2 /* LiveReposStorage.swift in Sources */ = {isa = PBXBuildFile; fileRef = 4CD834F828FDA33900A61AE2 /* LiveReposStorage.swift */; };
		4CD834FF28FDAAA400A61AE2 /* ReposAPI.swift in Sources */ = {isa = PBXBuildFile; fileRef = 4CD834FE28FDAAA400A61AE2 /* ReposAPI.swift */; };
		4CDB74AF2907CF6900DCF27A /* TableViewCell.swift in Sources */ = {isa = PBXBuildFile; fileRef = 4CDB74AE2907CF6900DCF27A /* TableViewCell.swift */; };
		4CDB74B1290833AF00DCF27A /* ProjectConstant.swift in Sources */ = {isa = PBXBuildFile; fileRef = 4CDB74B0290833AF00DCF27A /* ProjectConstant.swift */; };
		4CDB74B3290834D500DCF27A /* UICollectionViewCell+ReusableView.swift in Sources */ = {isa = PBXBuildFile; fileRef = 4CDB74B2290834D500DCF27A /* UICollectionViewCell+ReusableView.swift */; };
		4CDB74B5290835D600DCF27A /* UITableViewCell+ReusableView.swift in Sources */ = {isa = PBXBuildFile; fileRef = 4CDB74B4290835D600DCF27A /* UITableViewCell+ReusableView.swift */; };
		4CDB74B7290835F700DCF27A /* ReusableView.swift in Sources */ = {isa = PBXBuildFile; fileRef = 4CDB74B6290835F700DCF27A /* ReusableView.swift */; };
		4CDB74BC2909362300DCF27A /* MainPagelViewModel.swift in Sources */ = {isa = PBXBuildFile; fileRef = 4CDB74BB2909362300DCF27A /* MainPagelViewModel.swift */; };
		4CDB74BE29093C1600DCF27A /* Box.swift in Sources */ = {isa = PBXBuildFile; fileRef = 4CDB74BD29093C1600DCF27A /* Box.swift */; };
		4CDB74C2290AB50800DCF27A /* EmojiListViewModel.swift in Sources */ = {isa = PBXBuildFile; fileRef = 4CDB74C1290AB50800DCF27A /* EmojiListViewModel.swift */; };
		4CDB74C4290AB7A500DCF27A /* AvatarListViewModel.swift in Sources */ = {isa = PBXBuildFile; fileRef = 4CDB74C3290AB7A500DCF27A /* AvatarListViewModel.swift */; };
		4CDB74C6290AD0DD00DCF27A /* ReposListViewModel.swift in Sources */ = {isa = PBXBuildFile; fileRef = 4CDB74C5290AD0DD00DCF27A /* ReposListViewModel.swift */; };
		4CE31FD728EAD20F00C26B41 /* Avatar.swift in Sources */ = {isa = PBXBuildFile; fileRef = 4CE31FD628EAD20F00C26B41 /* Avatar.swift */; };
		4CE31FDB28EB3D7700C26B41 /* LiveAvatarStorage.swift in Sources */ = {isa = PBXBuildFile; fileRef = 4CE31FDA28EB3D7700C26B41 /* LiveAvatarStorage.swift */; };
		4CE31FE128EC7D2A00C26B41 /* UIImageView+Download.swift in Sources */ = {isa = PBXBuildFile; fileRef = 4CE31FE028EC7D2A00C26B41 /* UIImageView+Download.swift */; };
		4CE31FE328EC825200C26B41 /* MockEmojis.swift in Sources */ = {isa = PBXBuildFile; fileRef = 4CE31FE228EC825200C26B41 /* MockEmojis.swift */; };
		4CE31FEF28EC93AE00C26B41 /* EmojiResponse.swift in Sources */ = {isa = PBXBuildFile; fileRef = 4CE31FEE28EC93AE00C26B41 /* EmojiResponse.swift */; };
		4CE31FF128EC941C00C26B41 /* EmojiAPI.swift in Sources */ = {isa = PBXBuildFile; fileRef = 4CE31FF028EC941C00C26B41 /* EmojiAPI.swift */; };
		4CE31FF328EC952A00C26B41 /* AvatarAPI.swift in Sources */ = {isa = PBXBuildFile; fileRef = 4CE31FF228EC952A00C26B41 /* AvatarAPI.swift */; };
		4CE38D7028DDB5CA0000B72B /* AppDelegate.swift in Sources */ = {isa = PBXBuildFile; fileRef = 4CE38D6F28DDB5CA0000B72B /* AppDelegate.swift */; };
		4CE38D7228DDB5CA0000B72B /* SceneDelegate.swift in Sources */ = {isa = PBXBuildFile; fileRef = 4CE38D7128DDB5CA0000B72B /* SceneDelegate.swift */; };
		4CE38D7428DDB5CA0000B72B /* MainPageViewController.swift in Sources */ = {isa = PBXBuildFile; fileRef = 4CE38D7328DDB5CA0000B72B /* MainPageViewController.swift */; };
		4CE38D7C28DDB5CE0000B72B /* LaunchScreen.storyboard in Resources */ = {isa = PBXBuildFile; fileRef = 4CE38D7A28DDB5CE0000B72B /* LaunchScreen.storyboard */; };
		4CE8D7D828EEE240002A77C1 /* EmojiService.swift in Sources */ = {isa = PBXBuildFile; fileRef = 4CE8D7D728EEE240002A77C1 /* EmojiService.swift */; };
		4CE8D7DA28EEE3DB002A77C1 /* MockedEmojiService.swift in Sources */ = {isa = PBXBuildFile; fileRef = 4CE8D7D928EEE3DB002A77C1 /* MockedEmojiService.swift */; };
		4CEACF3129127BAD00996441 /* NSMOBJ+ToEmoji.swift in Sources */ = {isa = PBXBuildFile; fileRef = 4CEACF3029127BAD00996441 /* NSMOBJ+ToEmoji.swift */; };
		4CFFB972292D33AC0050219B /* ConstantsError.swift in Sources */ = {isa = PBXBuildFile; fileRef = 4CFFB971292D33AC0050219B /* ConstantsError.swift */; };
/* End PBXBuildFile section */

/* Begin PBXFileReference section */
		4C316F0B29253FE8004AE0ED /* ReposView.swift */ = {isa = PBXFileReference; lastKnownFileType = sourcecode.swift; path = ReposView.swift; sourceTree = "<group>"; };
		4C316F0D29268315004AE0ED /* BackToFirstViewControllerDelegate.swift */ = {isa = PBXFileReference; lastKnownFileType = sourcecode.swift; path = BackToFirstViewControllerDelegate.swift; sourceTree = "<group>"; };
		4C316F0F29268496004AE0ED /* MainPageViewControlerDelegate.swift */ = {isa = PBXFileReference; lastKnownFileType = sourcecode.swift; path = MainPageViewControlerDelegate.swift; sourceTree = "<group>"; };
		4C4291A3291520BB00108BF7 /* MainView.swift */ = {isa = PBXFileReference; lastKnownFileType = sourcecode.swift; path = MainView.swift; sourceTree = "<group>"; };
		4C4291A629155F1F00108BF7 /* BaseGenericViewController.swift */ = {isa = PBXFileReference; lastKnownFileType = sourcecode.swift; path = BaseGenericViewController.swift; sourceTree = "<group>"; };
		4C4291A829155F3400108BF7 /* BaseGenericView.swift */ = {isa = PBXFileReference; lastKnownFileType = sourcecode.swift; path = BaseGenericView.swift; sourceTree = "<group>"; };
		4C4291AA2915744100108BF7 /* EmojiView.swift */ = {isa = PBXFileReference; lastKnownFileType = sourcecode.swift; path = EmojiView.swift; sourceTree = "<group>"; };
		4C5366EC28E5A4B400EE97A3 /* LiveEmojiStorage.swift */ = {isa = PBXFileReference; lastKnownFileType = sourcecode.swift; path = LiveEmojiStorage.swift; sourceTree = "<group>"; };
		4C5366EE28E5A51D00EE97A3 /* Emoji.swift */ = {isa = PBXFileReference; lastKnownFileType = sourcecode.swift; path = Emoji.swift; sourceTree = "<group>"; };
		4C5A825929190E290049FAA0 /* AvatarView.swift */ = {isa = PBXFileReference; lastKnownFileType = sourcecode.swift; path = AvatarView.swift; sourceTree = "<group>"; };
		4CABE5C928E703EE00EC7DDA /* Application.swift */ = {isa = PBXFileReference; fileEncoding = 4; lastKnownFileType = sourcecode.swift; path = Application.swift; sourceTree = "<group>"; };
		4CABE5CB28E725AC00EC7DDA /* Network.swift */ = {isa = PBXFileReference; lastKnownFileType = sourcecode.swift; path = Network.swift; sourceTree = "<group>"; };
		4CC7565728FE9758009FDF88 /* ReposService.swift */ = {isa = PBXFileReference; lastKnownFileType = sourcecode.swift; path = ReposService.swift; sourceTree = "<group>"; };
		4CC7565929002C1F009FDF88 /* MockRepos.swift */ = {isa = PBXFileReference; lastKnownFileType = sourcecode.swift; path = MockRepos.swift; sourceTree = "<group>"; };
		4CC7565B29002E39009FDF88 /* MockReposService.swift */ = {isa = PBXFileReference; lastKnownFileType = sourcecode.swift; path = MockReposService.swift; sourceTree = "<group>"; };
		4CC7565D290038D7009FDF88 /* APIProtocol.swift */ = {isa = PBXFileReference; lastKnownFileType = sourcecode.swift; path = APIProtocol.swift; sourceTree = "<group>"; };
		4CCED29528E1ADC600BC8729 /* EmojiListViewController.swift */ = {isa = PBXFileReference; lastKnownFileType = sourcecode.swift; path = EmojiListViewController.swift; sourceTree = "<group>"; };
		4CCED29728E1B09600BC8729 /* Coordinator.swift */ = {isa = PBXFileReference; lastKnownFileType = sourcecode.swift; path = Coordinator.swift; sourceTree = "<group>"; };
		4CCED29928E1B1FD00BC8729 /* MainPageCoordinator.swift */ = {isa = PBXFileReference; lastKnownFileType = sourcecode.swift; path = MainPageCoordinator.swift; sourceTree = "<group>"; };
		4CCED29B28E1BBBD00BC8729 /* AvatarViewController.swift */ = {isa = PBXFileReference; lastKnownFileType = sourcecode.swift; path = AvatarViewController.swift; sourceTree = "<group>"; };
		4CCED29D28E1BC0900BC8729 /* RepoListViewController.swift */ = {isa = PBXFileReference; lastKnownFileType = sourcecode.swift; path = RepoListViewController.swift; sourceTree = "<group>"; };
		4CD2290828E482A600F11863 /* CollectionViewCell.swift */ = {isa = PBXFileReference; lastKnownFileType = sourcecode.swift; path = CollectionViewCell.swift; sourceTree = "<group>"; };
		4CD6203328F016B300225483 /* EmojiListCoordinator.swift */ = {isa = PBXFileReference; lastKnownFileType = sourcecode.swift; path = EmojiListCoordinator.swift; sourceTree = "<group>"; };
		4CD6203528F016CD00225483 /* RepoListCoordinator.swift */ = {isa = PBXFileReference; lastKnownFileType = sourcecode.swift; path = RepoListCoordinator.swift; sourceTree = "<group>"; };
		4CD6203728F016F300225483 /* AvatarListCoordinator.swift */ = {isa = PBXFileReference; lastKnownFileType = sourcecode.swift; path = AvatarListCoordinator.swift; sourceTree = "<group>"; };
		4CD6203928F0246800225483 /* ApplicationCoordinator.swift */ = {isa = PBXFileReference; lastKnownFileType = sourcecode.swift; path = ApplicationCoordinator.swift; sourceTree = "<group>"; };
		4CD6203F28F0834F00225483 /* Assets.xcassets */ = {isa = PBXFileReference; lastKnownFileType = folder.assetcatalog; path = Assets.xcassets; sourceTree = "<group>"; };
		4CD8348E28F42C5200A61AE2 /* ColorSet.swift */ = {isa = PBXFileReference; lastKnownFileType = sourcecode.swift; path = ColorSet.swift; sourceTree = "<group>"; };
		4CD834DC28F4726800A61AE2 /* EmojiListModel.xcdatamodel */ = {isa = PBXFileReference; lastKnownFileType = wrapper.xcdatamodel; path = EmojiListModel.xcdatamodel; sourceTree = "<group>"; };
		4CD834E028F576D800A61AE2 /* EmojiCoreData.swift */ = {isa = PBXFileReference; lastKnownFileType = sourcecode.swift; path = EmojiCoreData.swift; sourceTree = "<group>"; };
		4CD834E628F6F88600A61AE2 /* ImageSpinner.swift */ = {isa = PBXFileReference; lastKnownFileType = sourcecode.swift; path = ImageSpinner.swift; sourceTree = "<group>"; };
		4CD834EE28F7132800A61AE2 /* AvatarCoreData.swift */ = {isa = PBXFileReference; lastKnownFileType = sourcecode.swift; path = AvatarCoreData.swift; sourceTree = "<group>"; };
		4CD834F228F99D6B00A61AE2 /* NSMOBJ+ToAvatar.swift */ = {isa = PBXFileReference; lastKnownFileType = sourcecode.swift; path = "NSMOBJ+ToAvatar.swift"; sourceTree = "<group>"; };
		4CD834F628FD9F7B00A61AE2 /* Repos.swift */ = {isa = PBXFileReference; lastKnownFileType = sourcecode.swift; path = Repos.swift; sourceTree = "<group>"; };
		4CD834F828FDA33900A61AE2 /* LiveReposStorage.swift */ = {isa = PBXFileReference; lastKnownFileType = sourcecode.swift; path = LiveReposStorage.swift; sourceTree = "<group>"; };
		4CD834FE28FDAAA400A61AE2 /* ReposAPI.swift */ = {isa = PBXFileReference; lastKnownFileType = sourcecode.swift; path = ReposAPI.swift; sourceTree = "<group>"; };
		4CDB74AE2907CF6900DCF27A /* TableViewCell.swift */ = {isa = PBXFileReference; lastKnownFileType = sourcecode.swift; path = TableViewCell.swift; sourceTree = "<group>"; };
		4CDB74B0290833AF00DCF27A /* ProjectConstant.swift */ = {isa = PBXFileReference; lastKnownFileType = sourcecode.swift; path = ProjectConstant.swift; sourceTree = "<group>"; };
		4CDB74B2290834D500DCF27A /* UICollectionViewCell+ReusableView.swift */ = {isa = PBXFileReference; lastKnownFileType = sourcecode.swift; path = "UICollectionViewCell+ReusableView.swift"; sourceTree = "<group>"; };
		4CDB74B4290835D600DCF27A /* UITableViewCell+ReusableView.swift */ = {isa = PBXFileReference; lastKnownFileType = sourcecode.swift; path = "UITableViewCell+ReusableView.swift"; sourceTree = "<group>"; };
		4CDB74B6290835F700DCF27A /* ReusableView.swift */ = {isa = PBXFileReference; lastKnownFileType = sourcecode.swift; path = ReusableView.swift; sourceTree = "<group>"; };
		4CDB74BB2909362300DCF27A /* MainPagelViewModel.swift */ = {isa = PBXFileReference; lastKnownFileType = sourcecode.swift; path = MainPagelViewModel.swift; sourceTree = "<group>"; };
		4CDB74BD29093C1600DCF27A /* Box.swift */ = {isa = PBXFileReference; lastKnownFileType = sourcecode.swift; path = Box.swift; sourceTree = "<group>"; };
		4CDB74C1290AB50800DCF27A /* EmojiListViewModel.swift */ = {isa = PBXFileReference; lastKnownFileType = sourcecode.swift; path = EmojiListViewModel.swift; sourceTree = "<group>"; };
		4CDB74C3290AB7A500DCF27A /* AvatarListViewModel.swift */ = {isa = PBXFileReference; lastKnownFileType = sourcecode.swift; path = AvatarListViewModel.swift; sourceTree = "<group>"; };
		4CDB74C5290AD0DD00DCF27A /* ReposListViewModel.swift */ = {isa = PBXFileReference; lastKnownFileType = sourcecode.swift; path = ReposListViewModel.swift; sourceTree = "<group>"; };
		4CE31FD628EAD20F00C26B41 /* Avatar.swift */ = {isa = PBXFileReference; lastKnownFileType = sourcecode.swift; path = Avatar.swift; sourceTree = "<group>"; };
		4CE31FDA28EB3D7700C26B41 /* LiveAvatarStorage.swift */ = {isa = PBXFileReference; lastKnownFileType = sourcecode.swift; path = LiveAvatarStorage.swift; sourceTree = "<group>"; };
		4CE31FE028EC7D2A00C26B41 /* UIImageView+Download.swift */ = {isa = PBXFileReference; lastKnownFileType = sourcecode.swift; path = "UIImageView+Download.swift"; sourceTree = "<group>"; };
		4CE31FE228EC825200C26B41 /* MockEmojis.swift */ = {isa = PBXFileReference; lastKnownFileType = sourcecode.swift; path = MockEmojis.swift; sourceTree = "<group>"; };
		4CE31FEE28EC93AE00C26B41 /* EmojiResponse.swift */ = {isa = PBXFileReference; lastKnownFileType = sourcecode.swift; path = EmojiResponse.swift; sourceTree = "<group>"; };
		4CE31FF028EC941C00C26B41 /* EmojiAPI.swift */ = {isa = PBXFileReference; lastKnownFileType = sourcecode.swift; path = EmojiAPI.swift; sourceTree = "<group>"; };
		4CE31FF228EC952A00C26B41 /* AvatarAPI.swift */ = {isa = PBXFileReference; lastKnownFileType = sourcecode.swift; path = AvatarAPI.swift; sourceTree = "<group>"; };
		4CE38D6C28DDB5CA0000B72B /* AcademyChallenge.app */ = {isa = PBXFileReference; explicitFileType = wrapper.application; includeInIndex = 0; path = AcademyChallenge.app; sourceTree = BUILT_PRODUCTS_DIR; };
		4CE38D6F28DDB5CA0000B72B /* AppDelegate.swift */ = {isa = PBXFileReference; lastKnownFileType = sourcecode.swift; path = AppDelegate.swift; sourceTree = "<group>"; };
		4CE38D7128DDB5CA0000B72B /* SceneDelegate.swift */ = {isa = PBXFileReference; lastKnownFileType = sourcecode.swift; path = SceneDelegate.swift; sourceTree = "<group>"; };
		4CE38D7328DDB5CA0000B72B /* MainPageViewController.swift */ = {isa = PBXFileReference; lastKnownFileType = sourcecode.swift; path = MainPageViewController.swift; sourceTree = "<group>"; };
		4CE38D7B28DDB5CE0000B72B /* Base */ = {isa = PBXFileReference; lastKnownFileType = file.storyboard; name = Base; path = Base.lproj/LaunchScreen.storyboard; sourceTree = "<group>"; };
		4CE38D7D28DDB5CF0000B72B /* Info.plist */ = {isa = PBXFileReference; lastKnownFileType = text.plist.xml; path = Info.plist; sourceTree = "<group>"; };
		4CE8D7D728EEE240002A77C1 /* EmojiService.swift */ = {isa = PBXFileReference; lastKnownFileType = sourcecode.swift; path = EmojiService.swift; sourceTree = "<group>"; };
		4CE8D7D928EEE3DB002A77C1 /* MockedEmojiService.swift */ = {isa = PBXFileReference; lastKnownFileType = sourcecode.swift; path = MockedEmojiService.swift; sourceTree = "<group>"; };
		4CEACF3029127BAD00996441 /* NSMOBJ+ToEmoji.swift */ = {isa = PBXFileReference; lastKnownFileType = sourcecode.swift; path = "NSMOBJ+ToEmoji.swift"; sourceTree = "<group>"; };
		4CFFB971292D33AC0050219B /* ConstantsError.swift */ = {isa = PBXFileReference; lastKnownFileType = sourcecode.swift; path = ConstantsError.swift; sourceTree = "<group>"; };
/* End PBXFileReference section */

/* Begin PBXFrameworksBuildPhase section */
		4CE38D6928DDB5CA0000B72B /* Frameworks */ = {
			isa = PBXFrameworksBuildPhase;
			buildActionMask = 2147483647;
			files = (
				4C42919F29151E3900108BF7 /* RxRelay in Frameworks */,
				4C42919D29151E3900108BF7 /* RxCocoa in Frameworks */,
				4C4291A129151E3900108BF7 /* RxSwift in Frameworks */,
				4CD1EE1228E31B3A0095B927 /* Alamofire in Frameworks */,
			);
			runOnlyForDeploymentPostprocessing = 0;
		};
/* End PBXFrameworksBuildPhase section */

/* Begin PBXGroup section */
		4C4291A229151FE700108BF7 /* View */ = {
			isa = PBXGroup;
			children = (
				4C4291A3291520BB00108BF7 /* MainView.swift */,
				4C4291AA2915744100108BF7 /* EmojiView.swift */,
				4C5A825929190E290049FAA0 /* AvatarView.swift */,
				4C316F0B29253FE8004AE0ED /* ReposView.swift */,
			);
			path = View;
			sourceTree = "<group>";
		};
		4C4291A529155F0100108BF7 /* Base */ = {
			isa = PBXGroup;
			children = (
				4C4291A629155F1F00108BF7 /* BaseGenericViewController.swift */,
				4C4291A829155F3400108BF7 /* BaseGenericView.swift */,
			);
			path = Base;
			sourceTree = "<group>";
		};
		4CD834E828F7018800A61AE2 /* DataBase */ = {
			isa = PBXGroup;
			children = (
				4CD834DB28F4726800A61AE2 /* GeneralEntity.xcdatamodeld */,
				4CD834E028F576D800A61AE2 /* EmojiCoreData.swift */,
				4CD834EE28F7132800A61AE2 /* AvatarCoreData.swift */,
			);
			path = DataBase;
			sourceTree = "<group>";
		};
		4CDB74BA290935CD00DCF27A /* ViewModel */ = {
			isa = PBXGroup;
			children = (
				4CDB74BB2909362300DCF27A /* MainPagelViewModel.swift */,
				4CDB74C1290AB50800DCF27A /* EmojiListViewModel.swift */,
				4CDB74C3290AB7A500DCF27A /* AvatarListViewModel.swift */,
				4CDB74C5290AD0DD00DCF27A /* ReposListViewModel.swift */,
			);
			path = ViewModel;
			sourceTree = "<group>";
		};
		4CE31FE428EC918200C26B41 /* Presentation */ = {
			isa = PBXGroup;
			children = (
				4C4291A529155F0100108BF7 /* Base */,
				4CE31FE828EC91D900C26B41 /* Cell */,
				4CE31FE728EC91C000C26B41 /* Scenes */,
			);
			path = Presentation;
			sourceTree = "<group>";
		};
		4CE31FE528EC919700C26B41 /* Domain */ = {
			isa = PBXGroup;
			children = (
				4C5366EE28E5A51D00EE97A3 /* Emoji.swift */,
				4CE31FE228EC825200C26B41 /* MockEmojis.swift */,
				4CE31FD628EAD20F00C26B41 /* Avatar.swift */,
				4CD834F628FD9F7B00A61AE2 /* Repos.swift */,
				4CC7565929002C1F009FDF88 /* MockRepos.swift */,
			);
			path = Domain;
			sourceTree = "<group>";
		};
		4CE31FE628EC91A800C26B41 /* Data */ = {
			isa = PBXGroup;
			children = (
				4CE31FEC28EC923400C26B41 /* API */,
				4CE31FEA28EC920F00C26B41 /* Network */,
				4CE31FE928EC920000C26B41 /* Service */,
			);
			path = Data;
			sourceTree = "<group>";
		};
		4CE31FE728EC91C000C26B41 /* Scenes */ = {
			isa = PBXGroup;
			children = (
				4CCED29B28E1BBBD00BC8729 /* AvatarViewController.swift */,
				4CCED29528E1ADC600BC8729 /* EmojiListViewController.swift */,
				4CCED29D28E1BC0900BC8729 /* RepoListViewController.swift */,
				4CE38D7328DDB5CA0000B72B /* MainPageViewController.swift */,
				4CDB74B6290835F700DCF27A /* ReusableView.swift */,
			);
			path = Scenes;
			sourceTree = "<group>";
		};
		4CE31FE828EC91D900C26B41 /* Cell */ = {
			isa = PBXGroup;
			children = (
				4CD2290828E482A600F11863 /* CollectionViewCell.swift */,
				4CDB74AE2907CF6900DCF27A /* TableViewCell.swift */,
			);
			path = Cell;
			sourceTree = "<group>";
		};
		4CE31FE928EC920000C26B41 /* Service */ = {
			isa = PBXGroup;
			children = (
				4C5366EC28E5A4B400EE97A3 /* LiveEmojiStorage.swift */,
				4CE31FDA28EB3D7700C26B41 /* LiveAvatarStorage.swift */,
				4CE8D7D928EEE3DB002A77C1 /* MockedEmojiService.swift */,
				4CE8D7D728EEE240002A77C1 /* EmojiService.swift */,
				4CD834F828FDA33900A61AE2 /* LiveReposStorage.swift */,
				4CC7565728FE9758009FDF88 /* ReposService.swift */,
				4CC7565B29002E39009FDF88 /* MockReposService.swift */,
			);
			path = Service;
			sourceTree = "<group>";
		};
		4CE31FEA28EC920F00C26B41 /* Network */ = {
			isa = PBXGroup;
			children = (
				4CE31FEB28EC921B00C26B41 /* DTO */,
			);
			path = Network;
			sourceTree = "<group>";
		};
		4CE31FEB28EC921B00C26B41 /* DTO */ = {
			isa = PBXGroup;
			children = (
				4CE31FEE28EC93AE00C26B41 /* EmojiResponse.swift */,
			);
			path = DTO;
			sourceTree = "<group>";
		};
		4CE31FEC28EC923400C26B41 /* API */ = {
			isa = PBXGroup;
			children = (
				4CE31FF028EC941C00C26B41 /* EmojiAPI.swift */,
				4CABE5CB28E725AC00EC7DDA /* Network.swift */,
				4CE31FF228EC952A00C26B41 /* AvatarAPI.swift */,
				4CD834FE28FDAAA400A61AE2 /* ReposAPI.swift */,
				4CC7565D290038D7009FDF88 /* APIProtocol.swift */,
			);
			path = API;
			sourceTree = "<group>";
		};
		4CE31FED28EC924600C26B41 /* Utilities */ = {
			isa = PBXGroup;
			children = (
				4CE31FE028EC7D2A00C26B41 /* UIImageView+Download.swift */,
				4CD834E628F6F88600A61AE2 /* ImageSpinner.swift */,
				4CD834F228F99D6B00A61AE2 /* NSMOBJ+ToAvatar.swift */,
				4CDB74B0290833AF00DCF27A /* ProjectConstant.swift */,
				4CDB74B2290834D500DCF27A /* UICollectionViewCell+ReusableView.swift */,
				4CDB74B4290835D600DCF27A /* UITableViewCell+ReusableView.swift */,
				4CDB74BD29093C1600DCF27A /* Box.swift */,
				4CEACF3029127BAD00996441 /* NSMOBJ+ToEmoji.swift */,
				4C316F0D29268315004AE0ED /* BackToFirstViewControllerDelegate.swift */,
				4C316F0F29268496004AE0ED /* MainPageViewControlerDelegate.swift */,
				4CFFB971292D33AC0050219B /* ConstantsError.swift */,
			);
			path = Utilities;
			sourceTree = "<group>";
		};
		4CE31FF428EC959700C26B41 /* Coordinator */ = {
			isa = PBXGroup;
			children = (
				4CCED29728E1B09600BC8729 /* Coordinator.swift */,
				4CCED29928E1B1FD00BC8729 /* MainPageCoordinator.swift */,
				4CD6203328F016B300225483 /* EmojiListCoordinator.swift */,
				4CD6203528F016CD00225483 /* RepoListCoordinator.swift */,
				4CD6203728F016F300225483 /* AvatarListCoordinator.swift */,
				4CD6203928F0246800225483 /* ApplicationCoordinator.swift */,
			);
			path = Coordinator;
			sourceTree = "<group>";
		};
		4CE38D6328DDB5CA0000B72B = {
			isa = PBXGroup;
			children = (
				4CE38D6E28DDB5CA0000B72B /* AcademyChallenge */,
				4CE38D6D28DDB5CA0000B72B /* Products */,
			);
			sourceTree = "<group>";
		};
		4CE38D6D28DDB5CA0000B72B /* Products */ = {
			isa = PBXGroup;
			children = (
				4CE38D6C28DDB5CA0000B72B /* AcademyChallenge.app */,
			);
			name = Products;
			sourceTree = "<group>";
		};
		4CE38D6E28DDB5CA0000B72B /* AcademyChallenge */ = {
			isa = PBXGroup;
			children = (
				4C4291A229151FE700108BF7 /* View */,
				4CDB74BA290935CD00DCF27A /* ViewModel */,
				4CE31FE628EC91A800C26B41 /* Data */,
				4CE31FE528EC919700C26B41 /* Domain */,
				4CE31FE428EC918200C26B41 /* Presentation */,
				4CE31FF428EC959700C26B41 /* Coordinator */,
				4CE31FED28EC924600C26B41 /* Utilities */,
				4CEB446128F40DD7001F4C24 /* UIColorAssetsCatalog */,
				4CD834E828F7018800A61AE2 /* DataBase */,
				4CE38D7128DDB5CA0000B72B /* SceneDelegate.swift */,
				4CE38D6F28DDB5CA0000B72B /* AppDelegate.swift */,
				4CABE5C928E703EE00EC7DDA /* Application.swift */,
				4CE38D7A28DDB5CE0000B72B /* LaunchScreen.storyboard */,
				4CE38D7D28DDB5CF0000B72B /* Info.plist */,
			);
			path = AcademyChallenge;
			sourceTree = "<group>";
		};
		4CEB446128F40DD7001F4C24 /* UIColorAssetsCatalog */ = {
			isa = PBXGroup;
			children = (
				4CD8348E28F42C5200A61AE2 /* ColorSet.swift */,
				4CD6203F28F0834F00225483 /* Assets.xcassets */,
			);
			path = UIColorAssetsCatalog;
			sourceTree = "<group>";
		};
/* End PBXGroup section */

/* Begin PBXNativeTarget section */
		4CE38D6B28DDB5CA0000B72B /* AcademyChallenge */ = {
			isa = PBXNativeTarget;
			buildConfigurationList = 4CE38D8028DDB5CF0000B72B /* Build configuration list for PBXNativeTarget "AcademyChallenge" */;
			buildPhases = (
				4CDB74C7290AE7C300DCF27A /* SwiftLint */,
				4CE38D6828DDB5CA0000B72B /* Sources */,
				4CE38D6928DDB5CA0000B72B /* Frameworks */,
				4CE38D6A28DDB5CA0000B72B /* Resources */,
			);
			buildRules = (
			);
			dependencies = (
			);
			name = AcademyChallenge;
			packageProductDependencies = (
				4CD1EE1128E31B3A0095B927 /* Alamofire */,
				4C42919C29151E3900108BF7 /* RxCocoa */,
				4C42919E29151E3900108BF7 /* RxRelay */,
				4C4291A029151E3900108BF7 /* RxSwift */,
			);
			productName = AcademyChallenge;
			productReference = 4CE38D6C28DDB5CA0000B72B /* AcademyChallenge.app */;
			productType = "com.apple.product-type.application";
		};
/* End PBXNativeTarget section */

/* Begin PBXProject section */
		4CE38D6428DDB5CA0000B72B /* Project object */ = {
			isa = PBXProject;
			attributes = {
				BuildIndependentTargetsInParallel = 1;
				LastSwiftUpdateCheck = 1340;
				LastUpgradeCheck = 1340;
				TargetAttributes = {
					4CE38D6B28DDB5CA0000B72B = {
						CreatedOnToolsVersion = 13.4.1;
					};
				};
			};
			buildConfigurationList = 4CE38D6728DDB5CA0000B72B /* Build configuration list for PBXProject "AcademyChallenge" */;
			compatibilityVersion = "Xcode 13.0";
			developmentRegion = en;
			hasScannedForEncodings = 0;
			knownRegions = (
				en,
				Base,
			);
			mainGroup = 4CE38D6328DDB5CA0000B72B;
			packageReferences = (
				4CD1EE1028E31B3A0095B927 /* XCRemoteSwiftPackageReference "Alamofire" */,
				4C42919B29151E3900108BF7 /* XCRemoteSwiftPackageReference "RxSwift" */,
			);
			productRefGroup = 4CE38D6D28DDB5CA0000B72B /* Products */;
			projectDirPath = "";
			projectRoot = "";
			targets = (
				4CE38D6B28DDB5CA0000B72B /* AcademyChallenge */,
			);
		};
/* End PBXProject section */

/* Begin PBXResourcesBuildPhase section */
		4CE38D6A28DDB5CA0000B72B /* Resources */ = {
			isa = PBXResourcesBuildPhase;
			buildActionMask = 2147483647;
			files = (
				4CD834B728F45F1E00A61AE2 /* Assets.xcassets in Resources */,
				4CE38D7C28DDB5CE0000B72B /* LaunchScreen.storyboard in Resources */,
			);
			runOnlyForDeploymentPostprocessing = 0;
		};
/* End PBXResourcesBuildPhase section */

/* Begin PBXShellScriptBuildPhase section */
		4CDB74C7290AE7C300DCF27A /* SwiftLint */ = {
			isa = PBXShellScriptBuildPhase;
			buildActionMask = 2147483647;
			files = (
			);
			inputFileListPaths = (
			);
			inputPaths = (
			);
			name = SwiftLint;
			outputFileListPaths = (
			);
			outputPaths = (
			);
			runOnlyForDeploymentPostprocessing = 0;
			shellPath = /bin/sh;
			shellScript = "export PATH=\"$PATH:/opt/homebrew/bin\"\nif which swiftlint > /dev/null; then\n  swiftlint\nelse\n  echo \"warning: SwiftLint not installed, download from https://github.com/realm/SwiftLint\"\nfi\n";
		};
/* End PBXShellScriptBuildPhase section */

/* Begin PBXSourcesBuildPhase section */
		4CE38D6828DDB5CA0000B72B /* Sources */ = {
			isa = PBXSourcesBuildPhase;
			buildActionMask = 2147483647;
			files = (
				4C316F0C29253FE8004AE0ED /* ReposView.swift in Sources */,
				4CD8348F28F42C5200A61AE2 /* ColorSet.swift in Sources */,
				4CDB74C6290AD0DD00DCF27A /* ReposListViewModel.swift in Sources */,
				4CABE5CC28E725AC00EC7DDA /* Network.swift in Sources */,
				4CABE5CA28E703EE00EC7DDA /* Application.swift in Sources */,
				4CC7565C29002E39009FDF88 /* MockReposService.swift in Sources */,
				4CFFB972292D33AC0050219B /* ConstantsError.swift in Sources */,
				4C4291A729155F1F00108BF7 /* BaseGenericViewController.swift in Sources */,
				4CE31FF128EC941C00C26B41 /* EmojiAPI.swift in Sources */,
				4CD834FF28FDAAA400A61AE2 /* ReposAPI.swift in Sources */,
				4C5366EF28E5A51D00EE97A3 /* Emoji.swift in Sources */,
				4CD834E128F576D800A61AE2 /* EmojiCoreData.swift in Sources */,
				4CC7565A29002C1F009FDF88 /* MockRepos.swift in Sources */,
				4CE31FD728EAD20F00C26B41 /* Avatar.swift in Sources */,
				4CE31FE328EC825200C26B41 /* MockEmojis.swift in Sources */,
				4CDB74C4290AB7A500DCF27A /* AvatarListViewModel.swift in Sources */,
				4CD834F328F99D6B00A61AE2 /* NSMOBJ+ToAvatar.swift in Sources */,
				4CCED29E28E1BC0900BC8729 /* RepoListViewController.swift in Sources */,
				4CDB74BE29093C1600DCF27A /* Box.swift in Sources */,
				4CD834F928FDA33900A61AE2 /* LiveReposStorage.swift in Sources */,
				4CE31FDB28EB3D7700C26B41 /* LiveAvatarStorage.swift in Sources */,
				4CDB74B7290835F700DCF27A /* ReusableView.swift in Sources */,
				4CDB74B1290833AF00DCF27A /* ProjectConstant.swift in Sources */,
				4CDB74C2290AB50800DCF27A /* EmojiListViewModel.swift in Sources */,
				4CD6203428F016B300225483 /* EmojiListCoordinator.swift in Sources */,
				4CCED29A28E1B1FD00BC8729 /* MainPageCoordinator.swift in Sources */,
				4CD2290928E482A600F11863 /* CollectionViewCell.swift in Sources */,
				4CDB74B5290835D600DCF27A /* UITableViewCell+ReusableView.swift in Sources */,
				4CD6203828F016F300225483 /* AvatarListCoordinator.swift in Sources */,
				4CE31FEF28EC93AE00C26B41 /* EmojiResponse.swift in Sources */,
				4CD834E728F6F88600A61AE2 /* ImageSpinner.swift in Sources */,
				4C4291A4291520BB00108BF7 /* MainView.swift in Sources */,
				4CE8D7DA28EEE3DB002A77C1 /* MockedEmojiService.swift in Sources */,
				4CC7565E290038D7009FDF88 /* APIProtocol.swift in Sources */,
				4CE8D7D828EEE240002A77C1 /* EmojiService.swift in Sources */,
				4CC7565828FE9759009FDF88 /* ReposService.swift in Sources */,
				4CEACF3129127BAD00996441 /* NSMOBJ+ToEmoji.swift in Sources */,
				4C316F0E29268315004AE0ED /* BackToFirstViewControllerDelegate.swift in Sources */,
				4CDB74AF2907CF6900DCF27A /* TableViewCell.swift in Sources */,
				4CE38D7428DDB5CA0000B72B /* MainPageViewController.swift in Sources */,
				4C5366ED28E5A4B400EE97A3 /* LiveEmojiStorage.swift in Sources */,
				4CD834DD28F4726800A61AE2 /* GeneralEntity.xcdatamodeld in Sources */,
				4CE31FF328EC952A00C26B41 /* AvatarAPI.swift in Sources */,
				4CE38D7028DDB5CA0000B72B /* AppDelegate.swift in Sources */,
				4CD834F728FD9F7B00A61AE2 /* Repos.swift in Sources */,
				4CE31FE128EC7D2A00C26B41 /* UIImageView+Download.swift in Sources */,
				4CCED29828E1B09600BC8729 /* Coordinator.swift in Sources */,
				4C316F1029268496004AE0ED /* MainPageViewControlerDelegate.swift in Sources */,
				4CD6203628F016CD00225483 /* RepoListCoordinator.swift in Sources */,
				4CCED29C28E1BBBD00BC8729 /* AvatarViewController.swift in Sources */,
				4CD834EF28F7132800A61AE2 /* AvatarCoreData.swift in Sources */,
				4C4291AB2915744100108BF7 /* EmojiView.swift in Sources */,
				4C5A825A29190E290049FAA0 /* AvatarView.swift in Sources */,
				4CE38D7228DDB5CA0000B72B /* SceneDelegate.swift in Sources */,
				4CCED29628E1ADC600BC8729 /* EmojiListViewController.swift in Sources */,
				4CDB74BC2909362300DCF27A /* MainPagelViewModel.swift in Sources */,
				4C4291A929155F3400108BF7 /* BaseGenericView.swift in Sources */,
				4CDB74B3290834D500DCF27A /* UICollectionViewCell+ReusableView.swift in Sources */,
				4CD6203A28F0246800225483 /* ApplicationCoordinator.swift in Sources */,
			);
			runOnlyForDeploymentPostprocessing = 0;
		};
/* End PBXSourcesBuildPhase section */

/* Begin PBXVariantGroup section */
		4CE38D7A28DDB5CE0000B72B /* LaunchScreen.storyboard */ = {
			isa = PBXVariantGroup;
			children = (
				4CE38D7B28DDB5CE0000B72B /* Base */,
			);
			name = LaunchScreen.storyboard;
			sourceTree = "<group>";
		};
/* End PBXVariantGroup section */

/* Begin XCBuildConfiguration section */
		4CE38D7E28DDB5CF0000B72B /* Debug */ = {
			isa = XCBuildConfiguration;
			buildSettings = {
				ALWAYS_SEARCH_USER_PATHS = NO;
				CLANG_ANALYZER_NONNULL = YES;
				CLANG_ANALYZER_NUMBER_OBJECT_CONVERSION = YES_AGGRESSIVE;
				CLANG_CXX_LANGUAGE_STANDARD = "gnu++17";
				CLANG_ENABLE_MODULES = YES;
				CLANG_ENABLE_OBJC_ARC = YES;
				CLANG_ENABLE_OBJC_WEAK = YES;
				CLANG_WARN_BLOCK_CAPTURE_AUTORELEASING = YES;
				CLANG_WARN_BOOL_CONVERSION = YES;
				CLANG_WARN_COMMA = YES;
				CLANG_WARN_CONSTANT_CONVERSION = YES;
				CLANG_WARN_DEPRECATED_OBJC_IMPLEMENTATIONS = YES;
				CLANG_WARN_DIRECT_OBJC_ISA_USAGE = YES_ERROR;
				CLANG_WARN_DOCUMENTATION_COMMENTS = YES;
				CLANG_WARN_EMPTY_BODY = YES;
				CLANG_WARN_ENUM_CONVERSION = YES;
				CLANG_WARN_INFINITE_RECURSION = YES;
				CLANG_WARN_INT_CONVERSION = YES;
				CLANG_WARN_NON_LITERAL_NULL_CONVERSION = YES;
				CLANG_WARN_OBJC_IMPLICIT_RETAIN_SELF = YES;
				CLANG_WARN_OBJC_LITERAL_CONVERSION = YES;
				CLANG_WARN_OBJC_ROOT_CLASS = YES_ERROR;
				CLANG_WARN_QUOTED_INCLUDE_IN_FRAMEWORK_HEADER = YES;
				CLANG_WARN_RANGE_LOOP_ANALYSIS = YES;
				CLANG_WARN_STRICT_PROTOTYPES = YES;
				CLANG_WARN_SUSPICIOUS_MOVE = YES;
				CLANG_WARN_UNGUARDED_AVAILABILITY = YES_AGGRESSIVE;
				CLANG_WARN_UNREACHABLE_CODE = YES;
				CLANG_WARN__DUPLICATE_METHOD_MATCH = YES;
				COPY_PHASE_STRIP = NO;
				DEBUG_INFORMATION_FORMAT = dwarf;
				ENABLE_STRICT_OBJC_MSGSEND = YES;
				ENABLE_TESTABILITY = YES;
				GCC_C_LANGUAGE_STANDARD = gnu11;
				GCC_DYNAMIC_NO_PIC = NO;
				GCC_NO_COMMON_BLOCKS = YES;
				GCC_OPTIMIZATION_LEVEL = 0;
				GCC_PREPROCESSOR_DEFINITIONS = (
					"DEBUG=1",
					"$(inherited)",
				);
				GCC_WARN_64_TO_32_BIT_CONVERSION = YES;
				GCC_WARN_ABOUT_RETURN_TYPE = YES_ERROR;
				GCC_WARN_UNDECLARED_SELECTOR = YES;
				GCC_WARN_UNINITIALIZED_AUTOS = YES_AGGRESSIVE;
				GCC_WARN_UNUSED_FUNCTION = YES;
				GCC_WARN_UNUSED_VARIABLE = YES;
				IPHONEOS_DEPLOYMENT_TARGET = 15.5;
				MTL_ENABLE_DEBUG_INFO = INCLUDE_SOURCE;
				MTL_FAST_MATH = YES;
				ONLY_ACTIVE_ARCH = YES;
				SDKROOT = iphoneos;
				SWIFT_ACTIVE_COMPILATION_CONDITIONS = DEBUG;
				SWIFT_OPTIMIZATION_LEVEL = "-Onone";
			};
			name = Debug;
		};
		4CE38D7F28DDB5CF0000B72B /* Release */ = {
			isa = XCBuildConfiguration;
			buildSettings = {
				ALWAYS_SEARCH_USER_PATHS = NO;
				CLANG_ANALYZER_NONNULL = YES;
				CLANG_ANALYZER_NUMBER_OBJECT_CONVERSION = YES_AGGRESSIVE;
				CLANG_CXX_LANGUAGE_STANDARD = "gnu++17";
				CLANG_ENABLE_MODULES = YES;
				CLANG_ENABLE_OBJC_ARC = YES;
				CLANG_ENABLE_OBJC_WEAK = YES;
				CLANG_WARN_BLOCK_CAPTURE_AUTORELEASING = YES;
				CLANG_WARN_BOOL_CONVERSION = YES;
				CLANG_WARN_COMMA = YES;
				CLANG_WARN_CONSTANT_CONVERSION = YES;
				CLANG_WARN_DEPRECATED_OBJC_IMPLEMENTATIONS = YES;
				CLANG_WARN_DIRECT_OBJC_ISA_USAGE = YES_ERROR;
				CLANG_WARN_DOCUMENTATION_COMMENTS = YES;
				CLANG_WARN_EMPTY_BODY = YES;
				CLANG_WARN_ENUM_CONVERSION = YES;
				CLANG_WARN_INFINITE_RECURSION = YES;
				CLANG_WARN_INT_CONVERSION = YES;
				CLANG_WARN_NON_LITERAL_NULL_CONVERSION = YES;
				CLANG_WARN_OBJC_IMPLICIT_RETAIN_SELF = YES;
				CLANG_WARN_OBJC_LITERAL_CONVERSION = YES;
				CLANG_WARN_OBJC_ROOT_CLASS = YES_ERROR;
				CLANG_WARN_QUOTED_INCLUDE_IN_FRAMEWORK_HEADER = YES;
				CLANG_WARN_RANGE_LOOP_ANALYSIS = YES;
				CLANG_WARN_STRICT_PROTOTYPES = YES;
				CLANG_WARN_SUSPICIOUS_MOVE = YES;
				CLANG_WARN_UNGUARDED_AVAILABILITY = YES_AGGRESSIVE;
				CLANG_WARN_UNREACHABLE_CODE = YES;
				CLANG_WARN__DUPLICATE_METHOD_MATCH = YES;
				COPY_PHASE_STRIP = NO;
				DEBUG_INFORMATION_FORMAT = "dwarf-with-dsym";
				ENABLE_NS_ASSERTIONS = NO;
				ENABLE_STRICT_OBJC_MSGSEND = YES;
				GCC_C_LANGUAGE_STANDARD = gnu11;
				GCC_NO_COMMON_BLOCKS = YES;
				GCC_WARN_64_TO_32_BIT_CONVERSION = YES;
				GCC_WARN_ABOUT_RETURN_TYPE = YES_ERROR;
				GCC_WARN_UNDECLARED_SELECTOR = YES;
				GCC_WARN_UNINITIALIZED_AUTOS = YES_AGGRESSIVE;
				GCC_WARN_UNUSED_FUNCTION = YES;
				GCC_WARN_UNUSED_VARIABLE = YES;
				IPHONEOS_DEPLOYMENT_TARGET = 15.5;
				MTL_ENABLE_DEBUG_INFO = NO;
				MTL_FAST_MATH = YES;
				SDKROOT = iphoneos;
				SWIFT_COMPILATION_MODE = wholemodule;
				SWIFT_OPTIMIZATION_LEVEL = "-O";
				VALIDATE_PRODUCT = YES;
			};
			name = Release;
		};
		4CE38D8128DDB5CF0000B72B /* Debug */ = {
			isa = XCBuildConfiguration;
			buildSettings = {
				ASSETCATALOG_COMPILER_APPICON_NAME = AppIcon;
				ASSETCATALOG_COMPILER_GLOBAL_ACCENT_COLOR_NAME = AccentColor;
				CODE_SIGN_STYLE = Automatic;
				CURRENT_PROJECT_VERSION = 1;
				GENERATE_INFOPLIST_FILE = YES;
				INFOPLIST_FILE = AcademyChallenge/Info.plist;
				INFOPLIST_KEY_UIApplicationSupportsIndirectInputEvents = YES;
				INFOPLIST_KEY_UILaunchStoryboardName = LaunchScreen;
				INFOPLIST_KEY_UISupportedInterfaceOrientations_iPad = "UIInterfaceOrientationPortrait UIInterfaceOrientationPortraitUpsideDown UIInterfaceOrientationLandscapeLeft UIInterfaceOrientationLandscapeRight";
				INFOPLIST_KEY_UISupportedInterfaceOrientations_iPhone = "UIInterfaceOrientationPortrait UIInterfaceOrientationLandscapeLeft UIInterfaceOrientationLandscapeRight";
				LD_RUNPATH_SEARCH_PATHS = (
					"$(inherited)",
					"@executable_path/Frameworks",
				);
				MARKETING_VERSION = 1.0;
				PRODUCT_BUNDLE_IDENTIFIER = com.AcademyChallenge;
				PRODUCT_NAME = "$(TARGET_NAME)";
				SWIFT_EMIT_LOC_STRINGS = YES;
				SWIFT_VERSION = 5.0;
				TARGETED_DEVICE_FAMILY = "1,2";
			};
			name = Debug;
		};
		4CE38D8228DDB5CF0000B72B /* Release */ = {
			isa = XCBuildConfiguration;
			buildSettings = {
				ASSETCATALOG_COMPILER_APPICON_NAME = AppIcon;
				ASSETCATALOG_COMPILER_GLOBAL_ACCENT_COLOR_NAME = AccentColor;
				CODE_SIGN_STYLE = Automatic;
				CURRENT_PROJECT_VERSION = 1;
				GENERATE_INFOPLIST_FILE = YES;
				INFOPLIST_FILE = AcademyChallenge/Info.plist;
				INFOPLIST_KEY_UIApplicationSupportsIndirectInputEvents = YES;
				INFOPLIST_KEY_UILaunchStoryboardName = LaunchScreen;
				INFOPLIST_KEY_UISupportedInterfaceOrientations_iPad = "UIInterfaceOrientationPortrait UIInterfaceOrientationPortraitUpsideDown UIInterfaceOrientationLandscapeLeft UIInterfaceOrientationLandscapeRight";
				INFOPLIST_KEY_UISupportedInterfaceOrientations_iPhone = "UIInterfaceOrientationPortrait UIInterfaceOrientationLandscapeLeft UIInterfaceOrientationLandscapeRight";
				LD_RUNPATH_SEARCH_PATHS = (
					"$(inherited)",
					"@executable_path/Frameworks",
				);
				MARKETING_VERSION = 1.0;
				PRODUCT_BUNDLE_IDENTIFIER = com.AcademyChallenge;
				PRODUCT_NAME = "$(TARGET_NAME)";
				SWIFT_EMIT_LOC_STRINGS = YES;
				SWIFT_VERSION = 5.0;
				TARGETED_DEVICE_FAMILY = "1,2";
			};
			name = Release;
		};
/* End XCBuildConfiguration section */

/* Begin XCConfigurationList section */
		4CE38D6728DDB5CA0000B72B /* Build configuration list for PBXProject "AcademyChallenge" */ = {
			isa = XCConfigurationList;
			buildConfigurations = (
				4CE38D7E28DDB5CF0000B72B /* Debug */,
				4CE38D7F28DDB5CF0000B72B /* Release */,
			);
			defaultConfigurationIsVisible = 0;
			defaultConfigurationName = Release;
		};
		4CE38D8028DDB5CF0000B72B /* Build configuration list for PBXNativeTarget "AcademyChallenge" */ = {
			isa = XCConfigurationList;
			buildConfigurations = (
				4CE38D8128DDB5CF0000B72B /* Debug */,
				4CE38D8228DDB5CF0000B72B /* Release */,
			);
			defaultConfigurationIsVisible = 0;
			defaultConfigurationName = Release;
		};
/* End XCConfigurationList section */

/* Begin XCRemoteSwiftPackageReference section */
		4C42919B29151E3900108BF7 /* XCRemoteSwiftPackageReference "RxSwift" */ = {
			isa = XCRemoteSwiftPackageReference;
			repositoryURL = "https://github.com/ReactiveX/RxSwift.git";
			requirement = {
				kind = upToNextMajorVersion;
				minimumVersion = 6.0.0;
			};
		};
		4CD1EE1028E31B3A0095B927 /* XCRemoteSwiftPackageReference "Alamofire" */ = {
			isa = XCRemoteSwiftPackageReference;
			repositoryURL = "https://github.com/Alamofire/Alamofire.git";
			requirement = {
				kind = upToNextMajorVersion;
				minimumVersion = 5.0.0;
			};
		};
/* End XCRemoteSwiftPackageReference section */

/* Begin XCSwiftPackageProductDependency section */
		4C42919C29151E3900108BF7 /* RxCocoa */ = {
			isa = XCSwiftPackageProductDependency;
			package = 4C42919B29151E3900108BF7 /* XCRemoteSwiftPackageReference "RxSwift" */;
			productName = RxCocoa;
		};
		4C42919E29151E3900108BF7 /* RxRelay */ = {
			isa = XCSwiftPackageProductDependency;
			package = 4C42919B29151E3900108BF7 /* XCRemoteSwiftPackageReference "RxSwift" */;
			productName = RxRelay;
		};
		4C4291A029151E3900108BF7 /* RxSwift */ = {
			isa = XCSwiftPackageProductDependency;
			package = 4C42919B29151E3900108BF7 /* XCRemoteSwiftPackageReference "RxSwift" */;
			productName = RxSwift;
		};
		4CD1EE1128E31B3A0095B927 /* Alamofire */ = {
			isa = XCSwiftPackageProductDependency;
			package = 4CD1EE1028E31B3A0095B927 /* XCRemoteSwiftPackageReference "Alamofire" */;
			productName = Alamofire;
		};
/* End XCSwiftPackageProductDependency section */

/* Begin XCVersionGroup section */
		4CD834DB28F4726800A61AE2 /* GeneralEntity.xcdatamodeld */ = {
			isa = XCVersionGroup;
			children = (
				4CD834DC28F4726800A61AE2 /* EmojiListModel.xcdatamodel */,
			);
			currentVersion = 4CD834DC28F4726800A61AE2 /* EmojiListModel.xcdatamodel */;
			path = GeneralEntity.xcdatamodeld;
			sourceTree = "<group>";
			versionGroupType = wrapper.xcdatamodel;
		};
/* End XCVersionGroup section */
	};
	rootObject = 4CE38D6428DDB5CA0000B72B /* Project object */;
}
